// !$*UTF8*$!
{
	archiveVersion = 1;
	classes = {
	};
	objectVersion = 50;
	objects = {

/* Begin PBXBuildFile section */
		6FE755252583611300DA9B5A /* AppDelegate.swift in Sources */ = {isa = PBXBuildFile; fileRef = 6FE755242583611300DA9B5A /* AppDelegate.swift */; };
		6FE755272583611300DA9B5A /* SceneDelegate.swift in Sources */ = {isa = PBXBuildFile; fileRef = 6FE755262583611300DA9B5A /* SceneDelegate.swift */; };
		6FE755292583611300DA9B5A /* ContentView.swift in Sources */ = {isa = PBXBuildFile; fileRef = 6FE755282583611300DA9B5A /* ContentView.swift */; };
		6FE7552C2583611300DA9B5A /* CoreDataProject.xcdatamodeld in Sources */ = {isa = PBXBuildFile; fileRef = 6FE7552A2583611300DA9B5A /* CoreDataProject.xcdatamodeld */; };
		6FE7552E2583611400DA9B5A /* Assets.xcassets in Resources */ = {isa = PBXBuildFile; fileRef = 6FE7552D2583611400DA9B5A /* Assets.xcassets */; };
		6FE755312583611400DA9B5A /* Preview Assets.xcassets in Resources */ = {isa = PBXBuildFile; fileRef = 6FE755302583611400DA9B5A /* Preview Assets.xcassets */; };
		6FE755342583611400DA9B5A /* LaunchScreen.storyboard in Resources */ = {isa = PBXBuildFile; fileRef = 6FE755322583611400DA9B5A /* LaunchScreen.storyboard */; };
		6FE7553E2583614300DA9B5A /* Singer+CoreDataClass.swift in Sources */ = {isa = PBXBuildFile; fileRef = 6FE7553C2583614300DA9B5A /* Singer+CoreDataClass.swift */; };
		6FE7553F2583614300DA9B5A /* Singer+CoreDataProperties.swift in Sources */ = {isa = PBXBuildFile; fileRef = 6FE7553D2583614300DA9B5A /* Singer+CoreDataProperties.swift */; };
		6FE755422583618F00DA9B5A /* FilteredListView.swift in Sources */ = {isa = PBXBuildFile; fileRef = 6FE755412583618F00DA9B5A /* FilteredListView.swift */; };
/* End PBXBuildFile section */

/* Begin PBXFileReference section */
		6FE755212583611300DA9B5A /* CoreDataProject.app */ = {isa = PBXFileReference; explicitFileType = wrapper.application; includeInIndex = 0; path = CoreDataProject.app; sourceTree = BUILT_PRODUCTS_DIR; };
		6FE755242583611300DA9B5A /* AppDelegate.swift */ = {isa = PBXFileReference; lastKnownFileType = sourcecode.swift; path = AppDelegate.swift; sourceTree = "<group>"; };
		6FE755262583611300DA9B5A /* SceneDelegate.swift */ = {isa = PBXFileReference; lastKnownFileType = sourcecode.swift; path = SceneDelegate.swift; sourceTree = "<group>"; };
		6FE755282583611300DA9B5A /* ContentView.swift */ = {isa = PBXFileReference; lastKnownFileType = sourcecode.swift; path = ContentView.swift; sourceTree = "<group>"; };
		6FE7552B2583611300DA9B5A /* CoreDataProject.xcdatamodel */ = {isa = PBXFileReference; lastKnownFileType = wrapper.xcdatamodel; path = CoreDataProject.xcdatamodel; sourceTree = "<group>"; };
		6FE7552D2583611400DA9B5A /* Assets.xcassets */ = {isa = PBXFileReference; lastKnownFileType = folder.assetcatalog; path = Assets.xcassets; sourceTree = "<group>"; };
		6FE755302583611400DA9B5A /* Preview Assets.xcassets */ = {isa = PBXFileReference; lastKnownFileType = folder.assetcatalog; path = "Preview Assets.xcassets"; sourceTree = "<group>"; };
		6FE755332583611400DA9B5A /* Base */ = {isa = PBXFileReference; lastKnownFileType = file.storyboard; name = Base; path = Base.lproj/LaunchScreen.storyboard; sourceTree = "<group>"; };
		6FE755352583611400DA9B5A /* Info.plist */ = {isa = PBXFileReference; lastKnownFileType = text.plist.xml; path = Info.plist; sourceTree = "<group>"; };
		6FE7553C2583614300DA9B5A /* Singer+CoreDataClass.swift */ = {isa = PBXFileReference; lastKnownFileType = sourcecode.swift; path = "Singer+CoreDataClass.swift"; sourceTree = SOURCE_ROOT; };
		6FE7553D2583614300DA9B5A /* Singer+CoreDataProperties.swift */ = {isa = PBXFileReference; lastKnownFileType = sourcecode.swift; path = "Singer+CoreDataProperties.swift"; sourceTree = SOURCE_ROOT; };
		6FE755412583618F00DA9B5A /* FilteredListView.swift */ = {isa = PBXFileReference; lastKnownFileType = sourcecode.swift; path = FilteredListView.swift; sourceTree = "<group>"; };
/* End PBXFileReference section */

/* Begin PBXFrameworksBuildPhase section */
		6FE7551E2583611300DA9B5A /* Frameworks */ = {
			isa = PBXFrameworksBuildPhase;
			buildActionMask = 2147483647;
			files = (
			);
			runOnlyForDeploymentPostprocessing = 0;
		};
/* End PBXFrameworksBuildPhase section */

/* Begin PBXGroup section */
		6FE755182583611300DA9B5A = {
			isa = PBXGroup;
			children = (
				6FE755232583611300DA9B5A /* CoreDataProject */,
				6FE755222583611300DA9B5A /* Products */,
			);
			sourceTree = "<group>";
		};
		6FE755222583611300DA9B5A /* Products */ = {
			isa = PBXGroup;
			children = (
				6FE755212583611300DA9B5A /* CoreDataProject.app */,
			);
			name = Products;
			sourceTree = "<group>";
		};
		6FE755232583611300DA9B5A /* CoreDataProject */ = {
			isa = PBXGroup;
			children = (
				6FE7553C2583614300DA9B5A /* Singer+CoreDataClass.swift */,
				6FE7553D2583614300DA9B5A /* Singer+CoreDataProperties.swift */,
				6FE755412583618F00DA9B5A /* FilteredListView.swift */,
				6FE755242583611300DA9B5A /* AppDelegate.swift */,
				6FE755262583611300DA9B5A /* SceneDelegate.swift */,
				6FE755282583611300DA9B5A /* ContentView.swift */,
				6FE7552D2583611400DA9B5A /* Assets.xcassets */,
				6FE755322583611400DA9B5A /* LaunchScreen.storyboard */,
				6FE755352583611400DA9B5A /* Info.plist */,
				6FE7552A2583611300DA9B5A /* CoreDataProject.xcdatamodeld */,
				6FE7552F2583611400DA9B5A /* Preview Content */,
			);
			path = CoreDataProject;
			sourceTree = "<group>";
		};
		6FE7552F2583611400DA9B5A /* Preview Content */ = {
			isa = PBXGroup;
			children = (
				6FE755302583611400DA9B5A /* Preview Assets.xcassets */,
			);
			path = "Preview Content";
			sourceTree = "<group>";
		};
/* End PBXGroup section */

/* Begin PBXNativeTarget section */
		6FE755202583611300DA9B5A /* CoreDataProject */ = {
			isa = PBXNativeTarget;
			buildConfigurationList = 6FE755382583611400DA9B5A /* Build configuration list for PBXNativeTarget "CoreDataProject" */;
			buildPhases = (
				6FE7551D2583611300DA9B5A /* Sources */,
				6FE7551E2583611300DA9B5A /* Frameworks */,
				6FE7551F2583611300DA9B5A /* Resources */,
			);
			buildRules = (
			);
			dependencies = (
			);
			name = CoreDataProject;
			productName = CoreDataProject;
			productReference = 6FE755212583611300DA9B5A /* CoreDataProject.app */;
			productType = "com.apple.product-type.application";
		};
/* End PBXNativeTarget section */

/* Begin PBXProject section */
		6FE755192583611300DA9B5A /* Project object */ = {
			isa = PBXProject;
			attributes = {
				LastSwiftUpdateCheck = 1220;
				LastUpgradeCheck = 1220;
				TargetAttributes = {
					6FE755202583611300DA9B5A = {
						CreatedOnToolsVersion = 12.2;
					};
				};
			};
			buildConfigurationList = 6FE7551C2583611300DA9B5A /* Build configuration list for PBXProject "CoreDataProject" */;
			compatibilityVersion = "Xcode 9.3";
			developmentRegion = en;
			hasScannedForEncodings = 0;
			knownRegions = (
				en,
				Base,
			);
			mainGroup = 6FE755182583611300DA9B5A;
			productRefGroup = 6FE755222583611300DA9B5A /* Products */;
			projectDirPath = "";
			projectRoot = "";
			targets = (
				6FE755202583611300DA9B5A /* CoreDataProject */,
			);
		};
/* End PBXProject section */

/* Begin PBXResourcesBuildPhase section */
		6FE7551F2583611300DA9B5A /* Resources */ = {
			isa = PBXResourcesBuildPhase;
			buildActionMask = 2147483647;
			files = (
				6FE755342583611400DA9B5A /* LaunchScreen.storyboard in Resources */,
				6FE755312583611400DA9B5A /* Preview Assets.xcassets in Resources */,
				6FE7552E2583611400DA9B5A /* Assets.xcassets in Resources */,
			);
			runOnlyForDeploymentPostprocessing = 0;
		};
/* End PBXResourcesBuildPhase section */

/* Begin PBXSourcesBuildPhase section */
		6FE7551D2583611300DA9B5A /* Sources */ = {
			isa = PBXSourcesBuildPhase;
			buildActionMask = 2147483647;
			files = (
				6FE755252583611300DA9B5A /* AppDelegate.swift in Sources */,
				6FE7553F2583614300DA9B5A /* Singer+CoreDataProperties.swift in Sources */,
				6FE755272583611300DA9B5A /* SceneDelegate.swift in Sources */,
				6FE755422583618F00DA9B5A /* FilteredListView.swift in Sources */,
				6FE7553E2583614300DA9B5A /* Singer+CoreDataClass.swift in Sources */,
				6FE7552C2583611300DA9B5A /* CoreDataProject.xcdatamodeld in Sources */,
				6FE755292583611300DA9B5A /* ContentView.swift in Sources */,
			);
			runOnlyForDeploymentPostprocessing = 0;
		};
/* End PBXSourcesBuildPhase section */

/* Begin PBXVariantGroup section */
		6FE755322583611400DA9B5A /* LaunchScreen.storyboard */ = {
			isa = PBXVariantGroup;
			children = (
				6FE755332583611400DA9B5A /* Base */,
			);
			name = LaunchScreen.storyboard;
			sourceTree = "<group>";
		};
/* End PBXVariantGroup section */

/* Begin XCBuildConfiguration section */
		6FE755362583611400DA9B5A /* Debug */ = {
			isa = XCBuildConfiguration;
			buildSettings = {
				ALWAYS_SEARCH_USER_PATHS = NO;
				CLANG_ANALYZER_NONNULL = YES;
				CLANG_ANALYZER_NUMBER_OBJECT_CONVERSION = YES_AGGRESSIVE;
				CLANG_CXX_LANGUAGE_STANDARD = "gnu++14";
				CLANG_CXX_LIBRARY = "libc++";
				CLANG_ENABLE_MODULES = YES;
				CLANG_ENABLE_OBJC_ARC = YES;
				CLANG_ENABLE_OBJC_WEAK = YES;
				CLANG_WARN_BLOCK_CAPTURE_AUTORELEASING = YES;
				CLANG_WARN_BOOL_CONVERSION = YES;
				CLANG_WARN_COMMA = YES;
				CLANG_WARN_CONSTANT_CONVERSION = YES;
				CLANG_WARN_DEPRECATED_OBJC_IMPLEMENTATIONS = YES;
				CLANG_WARN_DIRECT_OBJC_ISA_USAGE = YES_ERROR;
				CLANG_WARN_DOCUMENTATION_COMMENTS = YES;
				CLANG_WARN_EMPTY_BODY = YES;
				CLANG_WARN_ENUM_CONVERSION = YES;
				CLANG_WARN_INFINITE_RECURSION = YES;
				CLANG_WARN_INT_CONVERSION = YES;
				CLANG_WARN_NON_LITERAL_NULL_CONVERSION = YES;
				CLANG_WARN_OBJC_IMPLICIT_RETAIN_SELF = YES;
				CLANG_WARN_OBJC_LITERAL_CONVERSION = YES;
				CLANG_WARN_OBJC_ROOT_CLASS = YES_ERROR;
				CLANG_WARN_QUOTED_INCLUDE_IN_FRAMEWORK_HEADER = YES;
				CLANG_WARN_RANGE_LOOP_ANALYSIS = YES;
				CLANG_WARN_STRICT_PROTOTYPES = YES;
				CLANG_WARN_SUSPICIOUS_MOVE = YES;
				CLANG_WARN_UNGUARDED_AVAILABILITY = YES_AGGRESSIVE;
				CLANG_WARN_UNREACHABLE_CODE = YES;
				CLANG_WARN__DUPLICATE_METHOD_MATCH = YES;
				COPY_PHASE_STRIP = NO;
				DEBUG_INFORMATION_FORMAT = dwarf;
				ENABLE_STRICT_OBJC_MSGSEND = YES;
				ENABLE_TESTABILITY = YES;
				GCC_C_LANGUAGE_STANDARD = gnu11;
				GCC_DYNAMIC_NO_PIC = NO;
				GCC_NO_COMMON_BLOCKS = YES;
				GCC_OPTIMIZATION_LEVEL = 0;
				GCC_PREPROCESSOR_DEFINITIONS = (
					"DEBUG=1",
					"$(inherited)",
				);
				GCC_WARN_64_TO_32_BIT_CONVERSION = YES;
				GCC_WARN_ABOUT_RETURN_TYPE = YES_ERROR;
				GCC_WARN_UNDECLARED_SELECTOR = YES;
				GCC_WARN_UNINITIALIZED_AUTOS = YES_AGGRESSIVE;
				GCC_WARN_UNUSED_FUNCTION = YES;
				GCC_WARN_UNUSED_VARIABLE = YES;
				IPHONEOS_DEPLOYMENT_TARGET = 14.2;
				MTL_ENABLE_DEBUG_INFO = INCLUDE_SOURCE;
				MTL_FAST_MATH = YES;
				ONLY_ACTIVE_ARCH = YES;
				SDKROOT = iphoneos;
				SWIFT_ACTIVE_COMPILATION_CONDITIONS = DEBUG;
				SWIFT_OPTIMIZATION_LEVEL = "-Onone";
			};
			name = Debug;
		};
		6FE755372583611400DA9B5A /* Release */ = {
			isa = XCBuildConfiguration;
			buildSettings = {
				ALWAYS_SEARCH_USER_PATHS = NO;
				CLANG_ANALYZER_NONNULL = YES;
				CLANG_ANALYZER_NUMBER_OBJECT_CONVERSION = YES_AGGRESSIVE;
				CLANG_CXX_LANGUAGE_STANDARD = "gnu++14";
				CLANG_CXX_LIBRARY = "libc++";
				CLANG_ENABLE_MODULES = YES;
				CLANG_ENABLE_OBJC_ARC = YES;
				CLANG_ENABLE_OBJC_WEAK = YES;
				CLANG_WARN_BLOCK_CAPTURE_AUTORELEASING = YES;
				CLANG_WARN_BOOL_CONVERSION = YES;
				CLANG_WARN_COMMA = YES;
				CLANG_WARN_CONSTANT_CONVERSION = YES;
				CLANG_WARN_DEPRECATED_OBJC_IMPLEMENTATIONS = YES;
				CLANG_WARN_DIRECT_OBJC_ISA_USAGE = YES_ERROR;
				CLANG_WARN_DOCUMENTATION_COMMENTS = YES;
				CLANG_WARN_EMPTY_BODY = YES;
				CLANG_WARN_ENUM_CONVERSION = YES;
				CLANG_WARN_INFINITE_RECURSION = YES;
				CLANG_WARN_INT_CONVERSION = YES;
				CLANG_WARN_NON_LITERAL_NULL_CONVERSION = YES;
				CLANG_WARN_OBJC_IMPLICIT_RETAIN_SELF = YES;
				CLANG_WARN_OBJC_LITERAL_CONVERSION = YES;
				CLANG_WARN_OBJC_ROOT_CLASS = YES_ERROR;
				CLANG_WARN_QUOTED_INCLUDE_IN_FRAMEWORK_HEADER = YES;
				CLANG_WARN_RANGE_LOOP_ANALYSIS = YES;
				CLANG_WARN_STRICT_PROTOTYPES = YES;
				CLANG_WARN_SUSPICIOUS_MOVE = YES;
				CLANG_WARN_UNGUARDED_AVAILABILITY = YES_AGGRESSIVE;
				CLANG_WARN_UNREACHABLE_CODE = YES;
				CLANG_WARN__DUPLICATE_METHOD_MATCH = YES;
				COPY_PHASE_STRIP = NO;
				DEBUG_INFORMATION_FORMAT = "dwarf-with-dsym";
				ENABLE_NS_ASSERTIONS = NO;
				ENABLE_STRICT_OBJC_MSGSEND = YES;
				GCC_C_LANGUAGE_STANDARD = gnu11;
				GCC_NO_COMMON_BLOCKS = YES;
				GCC_WARN_64_TO_32_BIT_CONVERSION = YES;
				GCC_WARN_ABOUT_RETURN_TYPE = YES_ERROR;
				GCC_WARN_UNDECLARED_SELECTOR = YES;
				GCC_WARN_UNINITIALIZED_AUTOS = YES_AGGRESSIVE;
				GCC_WARN_UNUSED_FUNCTION = YES;
				GCC_WARN_UNUSED_VARIABLE = YES;
				IPHONEOS_DEPLOYMENT_TARGET = 14.2;
				MTL_ENABLE_DEBUG_INFO = NO;
				MTL_FAST_MATH = YES;
				SDKROOT = iphoneos;
				SWIFT_COMPILATION_MODE = wholemodule;
				SWIFT_OPTIMIZATION_LEVEL = "-O";
				VALIDATE_PRODUCT = YES;
			};
			name = Release;
		};
		6FE755392583611400DA9B5A /* Debug */ = {
			isa = XCBuildConfiguration;
			buildSettings = {
				ASSETCATALOG_COMPILER_APPICON_NAME = AppIcon;
				ASSETCATALOG_COMPILER_GLOBAL_ACCENT_COLOR_NAME = AccentColor;
				CODE_SIGN_STYLE = Automatic;
				DEVELOPMENT_ASSET_PATHS = "\"CoreDataProject/Preview Content\"";
				ENABLE_PREVIEWS = YES;
				INFOPLIST_FILE = CoreDataProject/Info.plist;
				LD_RUNPATH_SEARCH_PATHS = (
					"$(inherited)",
					"@executable_path/Frameworks",
				);
				PRODUCT_BUNDLE_IDENTIFIER = com.learning.CoreDataProject;
				PRODUCT_NAME = "$(TARGET_NAME)";
				SWIFT_VERSION = 5.0;
				TARGETED_DEVICE_FAMILY = "1,2";
			};
			name = Debug;
		};
		6FE7553A2583611400DA9B5A /* Release */ = {
			isa = XCBuildConfiguration;
			buildSettings = {
				ASSETCATALOG_COMPILER_APPICON_NAME = AppIcon;
				ASSETCATALOG_COMPILER_GLOBAL_ACCENT_COLOR_NAME = AccentColor;
				CODE_SIGN_STYLE = Automatic;
				DEVELOPMENT_ASSET_PATHS = "\"CoreDataProject/Preview Content\"";
				ENABLE_PREVIEWS = YES;
				INFOPLIST_FILE = CoreDataProject/Info.plist;
				LD_RUNPATH_SEARCH_PATHS = (
					"$(inherited)",
					"@executable_path/Frameworks",
				);
				PRODUCT_BUNDLE_IDENTIFIER = com.learning.CoreDataProject;
				PRODUCT_NAME = "$(TARGET_NAME)";
				SWIFT_VERSION = 5.0;
				TARGETED_DEVICE_FAMILY = "1,2";
			};
			name = Release;
		};
/* End XCBuildConfiguration section */

/* Begin XCConfigurationList section */
		6FE7551C2583611300DA9B5A /* Build configuration list for PBXProject "CoreDataProject" */ = {
			isa = XCConfigurationList;
			buildConfigurations = (
				6FE755362583611400DA9B5A /* Debug */,
				6FE755372583611400DA9B5A /* Release */,
			);
			defaultConfigurationIsVisible = 0;
			defaultConfigurationName = Release;
		};
		6FE755382583611400DA9B5A /* Build configuration list for PBXNativeTarget "CoreDataProject" */ = {
			isa = XCConfigurationList;
			buildConfigurations = (
				6FE755392583611400DA9B5A /* Debug */,
				6FE7553A2583611400DA9B5A /* Release */,
			);
			defaultConfigurationIsVisible = 0;
			defaultConfigurationName = Release;
		};
/* End XCConfigurationList section */

/* Begin XCVersionGroup section */
		6FE7552A2583611300DA9B5A /* CoreDataProject.xcdatamodeld */ = {
			isa = XCVersionGroup;
			children = (
				6FE7552B2583611300DA9B5A /* CoreDataProject.xcdatamodel */,
			);
			currentVersion = 6FE7552B2583611300DA9B5A /* CoreDataProject.xcdatamodel */;
			path = CoreDataProject.xcdatamodeld;
			sourceTree = "<group>";
			versionGroupType = wrapper.xcdatamodel;
		};
/* End XCVersionGroup section */
	};
	rootObject = 6FE755192583611300DA9B5A /* Project object */;
}
