// !$*UTF8*$!
{
	archiveVersion = 1;
	classes = {
	};
	objectVersion = 50;
	objects = {

/* Begin PBXBuildFile section */
		6F18AA0425C9A99A00C8FF88 /* AppDelegate.swift in Sources */ = {isa = PBXBuildFile; fileRef = 6F18AA0325C9A99A00C8FF88 /* AppDelegate.swift */; };
		6F18AA0625C9A99A00C8FF88 /* SceneDelegate.swift in Sources */ = {isa = PBXBuildFile; fileRef = 6F18AA0525C9A99A00C8FF88 /* SceneDelegate.swift */; };
		6F18AA0825C9A99A00C8FF88 /* ContentView.swift in Sources */ = {isa = PBXBuildFile; fileRef = 6F18AA0725C9A99A00C8FF88 /* ContentView.swift */; };
		6F18AA0B25C9A99A00C8FF88 /* Projects_13_15.xcdatamodeld in Sources */ = {isa = PBXBuildFile; fileRef = 6F18AA0925C9A99A00C8FF88 /* Projects_13_15.xcdatamodeld */; };
		6F18AA0D25C9A99B00C8FF88 /* Assets.xcassets in Resources */ = {isa = PBXBuildFile; fileRef = 6F18AA0C25C9A99B00C8FF88 /* Assets.xcassets */; };
		6F18AA1025C9A99B00C8FF88 /* Preview Assets.xcassets in Resources */ = {isa = PBXBuildFile; fileRef = 6F18AA0F25C9A99B00C8FF88 /* Preview Assets.xcassets */; };
		6F18AA1325C9A99B00C8FF88 /* LaunchScreen.storyboard in Resources */ = {isa = PBXBuildFile; fileRef = 6F18AA1125C9A99B00C8FF88 /* LaunchScreen.storyboard */; };
		6F18AA1C25C9A9E400C8FF88 /* Person.swift in Sources */ = {isa = PBXBuildFile; fileRef = 6F18AA1B25C9A9E400C8FF88 /* Person.swift */; };
		6F18AA1F25C9AB4000C8FF88 /* PersonRowView.swift in Sources */ = {isa = PBXBuildFile; fileRef = 6F18AA1E25C9AB4000C8FF88 /* PersonRowView.swift */; };
		6F18AA2225C9AD3A00C8FF88 /* PersonDetailView.swift in Sources */ = {isa = PBXBuildFile; fileRef = 6F18AA2125C9AD3A00C8FF88 /* PersonDetailView.swift */; };
		6F18AA2F25C9B96800C8FF88 /* ImagePicker.swift in Sources */ = {isa = PBXBuildFile; fileRef = 6F18AA2E25C9B96800C8FF88 /* ImagePicker.swift */; };
		6F18AA3225C9BCC900C8FF88 /* PersonUploadPhotoView.swift in Sources */ = {isa = PBXBuildFile; fileRef = 6F18AA3125C9BCC900C8FF88 /* PersonUploadPhotoView.swift */; };
		6F18AA3525C9BFEE00C8FF88 /* FileManager.swift in Sources */ = {isa = PBXBuildFile; fileRef = 6F18AA3425C9BFEE00C8FF88 /* FileManager.swift */; };
		6F568DBA25CC06CF00205305 /* MapView.swift in Sources */ = {isa = PBXBuildFile; fileRef = 6F568DB925CC06CF00205305 /* MapView.swift */; };
		6FD1F8FC25CC0B86006C770F /* LocationFetcher.swift in Sources */ = {isa = PBXBuildFile; fileRef = 6FD1F8FB25CC0B86006C770F /* LocationFetcher.swift */; };
/* End PBXBuildFile section */

/* Begin PBXFileReference section */
		6F18AA0025C9A99A00C8FF88 /* Projects 13-15.app */ = {isa = PBXFileReference; explicitFileType = wrapper.application; includeInIndex = 0; path = "Projects 13-15.app"; sourceTree = BUILT_PRODUCTS_DIR; };
		6F18AA0325C9A99A00C8FF88 /* AppDelegate.swift */ = {isa = PBXFileReference; lastKnownFileType = sourcecode.swift; path = AppDelegate.swift; sourceTree = "<group>"; };
		6F18AA0525C9A99A00C8FF88 /* SceneDelegate.swift */ = {isa = PBXFileReference; lastKnownFileType = sourcecode.swift; path = SceneDelegate.swift; sourceTree = "<group>"; };
		6F18AA0725C9A99A00C8FF88 /* ContentView.swift */ = {isa = PBXFileReference; lastKnownFileType = sourcecode.swift; path = ContentView.swift; sourceTree = "<group>"; };
		6F18AA0A25C9A99A00C8FF88 /* Projects_13_15.xcdatamodel */ = {isa = PBXFileReference; lastKnownFileType = wrapper.xcdatamodel; path = Projects_13_15.xcdatamodel; sourceTree = "<group>"; };
		6F18AA0C25C9A99B00C8FF88 /* Assets.xcassets */ = {isa = PBXFileReference; lastKnownFileType = folder.assetcatalog; path = Assets.xcassets; sourceTree = "<group>"; };
		6F18AA0F25C9A99B00C8FF88 /* Preview Assets.xcassets */ = {isa = PBXFileReference; lastKnownFileType = folder.assetcatalog; path = "Preview Assets.xcassets"; sourceTree = "<group>"; };
		6F18AA1225C9A99B00C8FF88 /* Base */ = {isa = PBXFileReference; lastKnownFileType = file.storyboard; name = Base; path = Base.lproj/LaunchScreen.storyboard; sourceTree = "<group>"; };
		6F18AA1425C9A99B00C8FF88 /* Info.plist */ = {isa = PBXFileReference; lastKnownFileType = text.plist.xml; path = Info.plist; sourceTree = "<group>"; };
		6F18AA1B25C9A9E400C8FF88 /* Person.swift */ = {isa = PBXFileReference; lastKnownFileType = sourcecode.swift; path = Person.swift; sourceTree = "<group>"; };
		6F18AA1E25C9AB4000C8FF88 /* PersonRowView.swift */ = {isa = PBXFileReference; lastKnownFileType = sourcecode.swift; path = PersonRowView.swift; sourceTree = "<group>"; };
		6F18AA2125C9AD3A00C8FF88 /* PersonDetailView.swift */ = {isa = PBXFileReference; lastKnownFileType = sourcecode.swift; path = PersonDetailView.swift; sourceTree = "<group>"; };
		6F18AA2E25C9B96800C8FF88 /* ImagePicker.swift */ = {isa = PBXFileReference; lastKnownFileType = sourcecode.swift; path = ImagePicker.swift; sourceTree = "<group>"; };
		6F18AA3125C9BCC900C8FF88 /* PersonUploadPhotoView.swift */ = {isa = PBXFileReference; lastKnownFileType = sourcecode.swift; path = PersonUploadPhotoView.swift; sourceTree = "<group>"; };
		6F18AA3425C9BFEE00C8FF88 /* FileManager.swift */ = {isa = PBXFileReference; lastKnownFileType = sourcecode.swift; path = FileManager.swift; sourceTree = "<group>"; };
		6F568DB925CC06CF00205305 /* MapView.swift */ = {isa = PBXFileReference; lastKnownFileType = sourcecode.swift; path = MapView.swift; sourceTree = "<group>"; };
		6FD1F8FB25CC0B86006C770F /* LocationFetcher.swift */ = {isa = PBXFileReference; lastKnownFileType = sourcecode.swift; path = LocationFetcher.swift; sourceTree = "<group>"; };
/* End PBXFileReference section */

/* Begin PBXFrameworksBuildPhase section */
		6F18A9FD25C9A99A00C8FF88 /* Frameworks */ = {
			isa = PBXFrameworksBuildPhase;
			buildActionMask = 2147483647;
			files = (
			);
			runOnlyForDeploymentPostprocessing = 0;
		};
/* End PBXFrameworksBuildPhase section */

/* Begin PBXGroup section */
		6F18A9F725C9A99A00C8FF88 = {
			isa = PBXGroup;
			children = (
				6F18AA0225C9A99A00C8FF88 /* Projects 13-15 */,
				6F18AA0125C9A99A00C8FF88 /* Products */,
			);
			sourceTree = "<group>";
		};
		6F18AA0125C9A99A00C8FF88 /* Products */ = {
			isa = PBXGroup;
			children = (
				6F18AA0025C9A99A00C8FF88 /* Projects 13-15.app */,
			);
			name = Products;
			sourceTree = "<group>";
		};
		6F18AA0225C9A99A00C8FF88 /* Projects 13-15 */ = {
			isa = PBXGroup;
			children = (
				6F18AA0325C9A99A00C8FF88 /* AppDelegate.swift */,
				6F18AA0525C9A99A00C8FF88 /* SceneDelegate.swift */,
				6F18AA0725C9A99A00C8FF88 /* ContentView.swift */,
				6F18AA3125C9BCC900C8FF88 /* PersonUploadPhotoView.swift */,
				6FD1F8FB25CC0B86006C770F /* LocationFetcher.swift */,
				6F18AA3425C9BFEE00C8FF88 /* FileManager.swift */,
				6F18AA2E25C9B96800C8FF88 /* ImagePicker.swift */,
				6F568DB925CC06CF00205305 /* MapView.swift */,
				6F18AA2125C9AD3A00C8FF88 /* PersonDetailView.swift */,
				6F18AA1E25C9AB4000C8FF88 /* PersonRowView.swift */,
				6F18AA1B25C9A9E400C8FF88 /* Person.swift */,
				6F18AA0C25C9A99B00C8FF88 /* Assets.xcassets */,
				6F18AA1125C9A99B00C8FF88 /* LaunchScreen.storyboard */,
				6F18AA1425C9A99B00C8FF88 /* Info.plist */,
				6F18AA0925C9A99A00C8FF88 /* Projects_13_15.xcdatamodeld */,
				6F18AA0E25C9A99B00C8FF88 /* Preview Content */,
			);
			path = "Projects 13-15";
			sourceTree = "<group>";
		};
		6F18AA0E25C9A99B00C8FF88 /* Preview Content */ = {
			isa = PBXGroup;
			children = (
				6F18AA0F25C9A99B00C8FF88 /* Preview Assets.xcassets */,
			);
			path = "Preview Content";
			sourceTree = "<group>";
		};
/* End PBXGroup section */

/* Begin PBXNativeTarget section */
		6F18A9FF25C9A99A00C8FF88 /* Projects 13-15 */ = {
			isa = PBXNativeTarget;
			buildConfigurationList = 6F18AA1725C9A99B00C8FF88 /* Build configuration list for PBXNativeTarget "Projects 13-15" */;
			buildPhases = (
				6F18A9FC25C9A99A00C8FF88 /* Sources */,
				6F18A9FD25C9A99A00C8FF88 /* Frameworks */,
				6F18A9FE25C9A99A00C8FF88 /* Resources */,
			);
			buildRules = (
			);
			dependencies = (
			);
			name = "Projects 13-15";
			productName = "Projects 13-15";
			productReference = 6F18AA0025C9A99A00C8FF88 /* Projects 13-15.app */;
			productType = "com.apple.product-type.application";
		};
/* End PBXNativeTarget section */

/* Begin PBXProject section */
		6F18A9F825C9A99A00C8FF88 /* Project object */ = {
			isa = PBXProject;
			attributes = {
				LastSwiftUpdateCheck = 1230;
				LastUpgradeCheck = 1230;
				TargetAttributes = {
					6F18A9FF25C9A99A00C8FF88 = {
						CreatedOnToolsVersion = 12.3;
					};
				};
			};
			buildConfigurationList = 6F18A9FB25C9A99A00C8FF88 /* Build configuration list for PBXProject "Projects 13-15" */;
			compatibilityVersion = "Xcode 9.3";
			developmentRegion = en;
			hasScannedForEncodings = 0;
			knownRegions = (
				en,
				Base,
			);
			mainGroup = 6F18A9F725C9A99A00C8FF88;
			productRefGroup = 6F18AA0125C9A99A00C8FF88 /* Products */;
			projectDirPath = "";
			projectRoot = "";
			targets = (
				6F18A9FF25C9A99A00C8FF88 /* Projects 13-15 */,
			);
		};
/* End PBXProject section */

/* Begin PBXResourcesBuildPhase section */
		6F18A9FE25C9A99A00C8FF88 /* Resources */ = {
			isa = PBXResourcesBuildPhase;
			buildActionMask = 2147483647;
			files = (
				6F18AA1325C9A99B00C8FF88 /* LaunchScreen.storyboard in Resources */,
				6F18AA1025C9A99B00C8FF88 /* Preview Assets.xcassets in Resources */,
				6F18AA0D25C9A99B00C8FF88 /* Assets.xcassets in Resources */,
			);
			runOnlyForDeploymentPostprocessing = 0;
		};
/* End PBXResourcesBuildPhase section */

/* Begin PBXSourcesBuildPhase section */
		6F18A9FC25C9A99A00C8FF88 /* Sources */ = {
			isa = PBXSourcesBuildPhase;
			buildActionMask = 2147483647;
			files = (
				6F18AA1C25C9A9E400C8FF88 /* Person.swift in Sources */,
				6F18AA0425C9A99A00C8FF88 /* AppDelegate.swift in Sources */,
				6FD1F8FC25CC0B86006C770F /* LocationFetcher.swift in Sources */,
				6F18AA0B25C9A99A00C8FF88 /* Projects_13_15.xcdatamodeld in Sources */,
				6F568DBA25CC06CF00205305 /* MapView.swift in Sources */,
				6F18AA0625C9A99A00C8FF88 /* SceneDelegate.swift in Sources */,
				6F18AA1F25C9AB4000C8FF88 /* PersonRowView.swift in Sources */,
				6F18AA3525C9BFEE00C8FF88 /* FileManager.swift in Sources */,
				6F18AA2F25C9B96800C8FF88 /* ImagePicker.swift in Sources */,
				6F18AA2225C9AD3A00C8FF88 /* PersonDetailView.swift in Sources */,
				6F18AA0825C9A99A00C8FF88 /* ContentView.swift in Sources */,
				6F18AA3225C9BCC900C8FF88 /* PersonUploadPhotoView.swift in Sources */,
			);
			runOnlyForDeploymentPostprocessing = 0;
		};
/* End PBXSourcesBuildPhase section */

/* Begin PBXVariantGroup section */
		6F18AA1125C9A99B00C8FF88 /* LaunchScreen.storyboard */ = {
			isa = PBXVariantGroup;
			children = (
				6F18AA1225C9A99B00C8FF88 /* Base */,
			);
			name = LaunchScreen.storyboard;
			sourceTree = "<group>";
		};
/* End PBXVariantGroup section */

/* Begin XCBuildConfiguration section */
		6F18AA1525C9A99B00C8FF88 /* Debug */ = {
			isa = XCBuildConfiguration;
			buildSettings = {
				ALWAYS_SEARCH_USER_PATHS = NO;
				CLANG_ANALYZER_NONNULL = YES;
				CLANG_ANALYZER_NUMBER_OBJECT_CONVERSION = YES_AGGRESSIVE;
				CLANG_CXX_LANGUAGE_STANDARD = "gnu++14";
				CLANG_CXX_LIBRARY = "libc++";
				CLANG_ENABLE_MODULES = YES;
				CLANG_ENABLE_OBJC_ARC = YES;
				CLANG_ENABLE_OBJC_WEAK = YES;
				CLANG_WARN_BLOCK_CAPTURE_AUTORELEASING = YES;
				CLANG_WARN_BOOL_CONVERSION = YES;
				CLANG_WARN_COMMA = YES;
				CLANG_WARN_CONSTANT_CONVERSION = YES;
				CLANG_WARN_DEPRECATED_OBJC_IMPLEMENTATIONS = YES;
				CLANG_WARN_DIRECT_OBJC_ISA_USAGE = YES_ERROR;
				CLANG_WARN_DOCUMENTATION_COMMENTS = YES;
				CLANG_WARN_EMPTY_BODY = YES;
				CLANG_WARN_ENUM_CONVERSION = YES;
				CLANG_WARN_INFINITE_RECURSION = YES;
				CLANG_WARN_INT_CONVERSION = YES;
				CLANG_WARN_NON_LITERAL_NULL_CONVERSION = YES;
				CLANG_WARN_OBJC_IMPLICIT_RETAIN_SELF = YES;
				CLANG_WARN_OBJC_LITERAL_CONVERSION = YES;
				CLANG_WARN_OBJC_ROOT_CLASS = YES_ERROR;
				CLANG_WARN_QUOTED_INCLUDE_IN_FRAMEWORK_HEADER = YES;
				CLANG_WARN_RANGE_LOOP_ANALYSIS = YES;
				CLANG_WARN_STRICT_PROTOTYPES = YES;
				CLANG_WARN_SUSPICIOUS_MOVE = YES;
				CLANG_WARN_UNGUARDED_AVAILABILITY = YES_AGGRESSIVE;
				CLANG_WARN_UNREACHABLE_CODE = YES;
				CLANG_WARN__DUPLICATE_METHOD_MATCH = YES;
				COPY_PHASE_STRIP = NO;
				DEBUG_INFORMATION_FORMAT = dwarf;
				ENABLE_STRICT_OBJC_MSGSEND = YES;
				ENABLE_TESTABILITY = YES;
				GCC_C_LANGUAGE_STANDARD = gnu11;
				GCC_DYNAMIC_NO_PIC = NO;
				GCC_NO_COMMON_BLOCKS = YES;
				GCC_OPTIMIZATION_LEVEL = 0;
				GCC_PREPROCESSOR_DEFINITIONS = (
					"DEBUG=1",
					"$(inherited)",
				);
				GCC_WARN_64_TO_32_BIT_CONVERSION = YES;
				GCC_WARN_ABOUT_RETURN_TYPE = YES_ERROR;
				GCC_WARN_UNDECLARED_SELECTOR = YES;
				GCC_WARN_UNINITIALIZED_AUTOS = YES_AGGRESSIVE;
				GCC_WARN_UNUSED_FUNCTION = YES;
				GCC_WARN_UNUSED_VARIABLE = YES;
				IPHONEOS_DEPLOYMENT_TARGET = 14.3;
				MTL_ENABLE_DEBUG_INFO = INCLUDE_SOURCE;
				MTL_FAST_MATH = YES;
				ONLY_ACTIVE_ARCH = YES;
				SDKROOT = iphoneos;
				SWIFT_ACTIVE_COMPILATION_CONDITIONS = DEBUG;
				SWIFT_OPTIMIZATION_LEVEL = "-Onone";
			};
			name = Debug;
		};
		6F18AA1625C9A99B00C8FF88 /* Release */ = {
			isa = XCBuildConfiguration;
			buildSettings = {
				ALWAYS_SEARCH_USER_PATHS = NO;
				CLANG_ANALYZER_NONNULL = YES;
				CLANG_ANALYZER_NUMBER_OBJECT_CONVERSION = YES_AGGRESSIVE;
				CLANG_CXX_LANGUAGE_STANDARD = "gnu++14";
				CLANG_CXX_LIBRARY = "libc++";
				CLANG_ENABLE_MODULES = YES;
				CLANG_ENABLE_OBJC_ARC = YES;
				CLANG_ENABLE_OBJC_WEAK = YES;
				CLANG_WARN_BLOCK_CAPTURE_AUTORELEASING = YES;
				CLANG_WARN_BOOL_CONVERSION = YES;
				CLANG_WARN_COMMA = YES;
				CLANG_WARN_CONSTANT_CONVERSION = YES;
				CLANG_WARN_DEPRECATED_OBJC_IMPLEMENTATIONS = YES;
				CLANG_WARN_DIRECT_OBJC_ISA_USAGE = YES_ERROR;
				CLANG_WARN_DOCUMENTATION_COMMENTS = YES;
				CLANG_WARN_EMPTY_BODY = YES;
				CLANG_WARN_ENUM_CONVERSION = YES;
				CLANG_WARN_INFINITE_RECURSION = YES;
				CLANG_WARN_INT_CONVERSION = YES;
				CLANG_WARN_NON_LITERAL_NULL_CONVERSION = YES;
				CLANG_WARN_OBJC_IMPLICIT_RETAIN_SELF = YES;
				CLANG_WARN_OBJC_LITERAL_CONVERSION = YES;
				CLANG_WARN_OBJC_ROOT_CLASS = YES_ERROR;
				CLANG_WARN_QUOTED_INCLUDE_IN_FRAMEWORK_HEADER = YES;
				CLANG_WARN_RANGE_LOOP_ANALYSIS = YES;
				CLANG_WARN_STRICT_PROTOTYPES = YES;
				CLANG_WARN_SUSPICIOUS_MOVE = YES;
				CLANG_WARN_UNGUARDED_AVAILABILITY = YES_AGGRESSIVE;
				CLANG_WARN_UNREACHABLE_CODE = YES;
				CLANG_WARN__DUPLICATE_METHOD_MATCH = YES;
				COPY_PHASE_STRIP = NO;
				DEBUG_INFORMATION_FORMAT = "dwarf-with-dsym";
				ENABLE_NS_ASSERTIONS = NO;
				ENABLE_STRICT_OBJC_MSGSEND = YES;
				GCC_C_LANGUAGE_STANDARD = gnu11;
				GCC_NO_COMMON_BLOCKS = YES;
				GCC_WARN_64_TO_32_BIT_CONVERSION = YES;
				GCC_WARN_ABOUT_RETURN_TYPE = YES_ERROR;
				GCC_WARN_UNDECLARED_SELECTOR = YES;
				GCC_WARN_UNINITIALIZED_AUTOS = YES_AGGRESSIVE;
				GCC_WARN_UNUSED_FUNCTION = YES;
				GCC_WARN_UNUSED_VARIABLE = YES;
				IPHONEOS_DEPLOYMENT_TARGET = 14.3;
				MTL_ENABLE_DEBUG_INFO = NO;
				MTL_FAST_MATH = YES;
				SDKROOT = iphoneos;
				SWIFT_COMPILATION_MODE = wholemodule;
				SWIFT_OPTIMIZATION_LEVEL = "-O";
				VALIDATE_PRODUCT = YES;
			};
			name = Release;
		};
		6F18AA1825C9A99B00C8FF88 /* Debug */ = {
			isa = XCBuildConfiguration;
			buildSettings = {
				ASSETCATALOG_COMPILER_APPICON_NAME = AppIcon;
				ASSETCATALOG_COMPILER_GLOBAL_ACCENT_COLOR_NAME = AccentColor;
				CODE_SIGN_STYLE = Automatic;
				DEVELOPMENT_ASSET_PATHS = "\"Projects 13-15/Preview Content\"";
				ENABLE_PREVIEWS = YES;
				INFOPLIST_FILE = "Projects 13-15/Info.plist";
				LD_RUNPATH_SEARCH_PATHS = (
					"$(inherited)",
					"@executable_path/Frameworks",
				);
				PRODUCT_BUNDLE_IDENTIFIER = "com.learning.Projects-13-15";
				PRODUCT_NAME = "$(TARGET_NAME)";
				SWIFT_VERSION = 5.0;
				TARGETED_DEVICE_FAMILY = "1,2";
			};
			name = Debug;
		};
		6F18AA1925C9A99B00C8FF88 /* Release */ = {
			isa = XCBuildConfiguration;
			buildSettings = {
				ASSETCATALOG_COMPILER_APPICON_NAME = AppIcon;
				ASSETCATALOG_COMPILER_GLOBAL_ACCENT_COLOR_NAME = AccentColor;
				CODE_SIGN_STYLE = Automatic;
				DEVELOPMENT_ASSET_PATHS = "\"Projects 13-15/Preview Content\"";
				ENABLE_PREVIEWS = YES;
				INFOPLIST_FILE = "Projects 13-15/Info.plist";
				LD_RUNPATH_SEARCH_PATHS = (
					"$(inherited)",
					"@executable_path/Frameworks",
				);
				PRODUCT_BUNDLE_IDENTIFIER = "com.learning.Projects-13-15";
				PRODUCT_NAME = "$(TARGET_NAME)";
				SWIFT_VERSION = 5.0;
				TARGETED_DEVICE_FAMILY = "1,2";
			};
			name = Release;
		};
/* End XCBuildConfiguration section */

/* Begin XCConfigurationList section */
		6F18A9FB25C9A99A00C8FF88 /* Build configuration list for PBXProject "Projects 13-15" */ = {
			isa = XCConfigurationList;
			buildConfigurations = (
				6F18AA1525C9A99B00C8FF88 /* Debug */,
				6F18AA1625C9A99B00C8FF88 /* Release */,
			);
			defaultConfigurationIsVisible = 0;
			defaultConfigurationName = Release;
		};
		6F18AA1725C9A99B00C8FF88 /* Build configuration list for PBXNativeTarget "Projects 13-15" */ = {
			isa = XCConfigurationList;
			buildConfigurations = (
				6F18AA1825C9A99B00C8FF88 /* Debug */,
				6F18AA1925C9A99B00C8FF88 /* Release */,
			);
			defaultConfigurationIsVisible = 0;
			defaultConfigurationName = Release;
		};
/* End XCConfigurationList section */

/* Begin XCVersionGroup section */
		6F18AA0925C9A99A00C8FF88 /* Projects_13_15.xcdatamodeld */ = {
			isa = XCVersionGroup;
			children = (
				6F18AA0A25C9A99A00C8FF88 /* Projects_13_15.xcdatamodel */,
			);
			currentVersion = 6F18AA0A25C9A99A00C8FF88 /* Projects_13_15.xcdatamodel */;
			path = Projects_13_15.xcdatamodeld;
			sourceTree = "<group>";
			versionGroupType = wrapper.xcdatamodel;
		};
/* End XCVersionGroup section */
	};
	rootObject = 6F18A9F825C9A99A00C8FF88 /* Project object */;
}
