// !$*UTF8*$!
{
	archiveVersion = 1;
	classes = {
	};
	objectVersion = 50;
	objects = {

/* Begin PBXBuildFile section */
		6FF2ABF725592B700082E194 /* DrawingApp.swift in Sources */ = {isa = PBXBuildFile; fileRef = 6FF2ABF625592B700082E194 /* DrawingApp.swift */; };
		6FF2ABF925592B700082E194 /* ContentView.swift in Sources */ = {isa = PBXBuildFile; fileRef = 6FF2ABF825592B700082E194 /* ContentView.swift */; };
		6FF2ABFB25592B710082E194 /* Assets.xcassets in Resources */ = {isa = PBXBuildFile; fileRef = 6FF2ABFA25592B710082E194 /* Assets.xcassets */; };
		6FF2ABFE25592B710082E194 /* Preview Assets.xcassets in Resources */ = {isa = PBXBuildFile; fileRef = 6FF2ABFD25592B710082E194 /* Preview Assets.xcassets */; };
		6FF2AC0925592B710082E194 /* DrawingTests.swift in Sources */ = {isa = PBXBuildFile; fileRef = 6FF2AC0825592B710082E194 /* DrawingTests.swift */; };
		6FF2AC1425592B710082E194 /* DrawingUITests.swift in Sources */ = {isa = PBXBuildFile; fileRef = 6FF2AC1325592B710082E194 /* DrawingUITests.swift */; };
/* End PBXBuildFile section */

/* Begin PBXContainerItemProxy section */
		6FF2AC0525592B710082E194 /* PBXContainerItemProxy */ = {
			isa = PBXContainerItemProxy;
			containerPortal = 6FF2ABEB25592B700082E194 /* Project object */;
			proxyType = 1;
			remoteGlobalIDString = 6FF2ABF225592B700082E194;
			remoteInfo = Drawing;
		};
		6FF2AC1025592B710082E194 /* PBXContainerItemProxy */ = {
			isa = PBXContainerItemProxy;
			containerPortal = 6FF2ABEB25592B700082E194 /* Project object */;
			proxyType = 1;
			remoteGlobalIDString = 6FF2ABF225592B700082E194;
			remoteInfo = Drawing;
		};
/* End PBXContainerItemProxy section */

/* Begin PBXFileReference section */
		6FF2ABF325592B700082E194 /* Drawing.app */ = {isa = PBXFileReference; explicitFileType = wrapper.application; includeInIndex = 0; path = Drawing.app; sourceTree = BUILT_PRODUCTS_DIR; };
		6FF2ABF625592B700082E194 /* DrawingApp.swift */ = {isa = PBXFileReference; lastKnownFileType = sourcecode.swift; path = DrawingApp.swift; sourceTree = "<group>"; };
		6FF2ABF825592B700082E194 /* ContentView.swift */ = {isa = PBXFileReference; lastKnownFileType = sourcecode.swift; path = ContentView.swift; sourceTree = "<group>"; };
		6FF2ABFA25592B710082E194 /* Assets.xcassets */ = {isa = PBXFileReference; lastKnownFileType = folder.assetcatalog; path = Assets.xcassets; sourceTree = "<group>"; };
		6FF2ABFD25592B710082E194 /* Preview Assets.xcassets */ = {isa = PBXFileReference; lastKnownFileType = folder.assetcatalog; path = "Preview Assets.xcassets"; sourceTree = "<group>"; };
		6FF2ABFF25592B710082E194 /* Info.plist */ = {isa = PBXFileReference; lastKnownFileType = text.plist.xml; path = Info.plist; sourceTree = "<group>"; };
		6FF2AC0425592B710082E194 /* DrawingTests.xctest */ = {isa = PBXFileReference; explicitFileType = wrapper.cfbundle; includeInIndex = 0; path = DrawingTests.xctest; sourceTree = BUILT_PRODUCTS_DIR; };
		6FF2AC0825592B710082E194 /* DrawingTests.swift */ = {isa = PBXFileReference; lastKnownFileType = sourcecode.swift; path = DrawingTests.swift; sourceTree = "<group>"; };
		6FF2AC0A25592B710082E194 /* Info.plist */ = {isa = PBXFileReference; lastKnownFileType = text.plist.xml; path = Info.plist; sourceTree = "<group>"; };
		6FF2AC0F25592B710082E194 /* DrawingUITests.xctest */ = {isa = PBXFileReference; explicitFileType = wrapper.cfbundle; includeInIndex = 0; path = DrawingUITests.xctest; sourceTree = BUILT_PRODUCTS_DIR; };
		6FF2AC1325592B710082E194 /* DrawingUITests.swift */ = {isa = PBXFileReference; lastKnownFileType = sourcecode.swift; path = DrawingUITests.swift; sourceTree = "<group>"; };
		6FF2AC1525592B710082E194 /* Info.plist */ = {isa = PBXFileReference; lastKnownFileType = text.plist.xml; path = Info.plist; sourceTree = "<group>"; };
/* End PBXFileReference section */

/* Begin PBXFrameworksBuildPhase section */
		6FF2ABF025592B700082E194 /* Frameworks */ = {
			isa = PBXFrameworksBuildPhase;
			buildActionMask = 2147483647;
			files = (
			);
			runOnlyForDeploymentPostprocessing = 0;
		};
		6FF2AC0125592B710082E194 /* Frameworks */ = {
			isa = PBXFrameworksBuildPhase;
			buildActionMask = 2147483647;
			files = (
			);
			runOnlyForDeploymentPostprocessing = 0;
		};
		6FF2AC0C25592B710082E194 /* Frameworks */ = {
			isa = PBXFrameworksBuildPhase;
			buildActionMask = 2147483647;
			files = (
			);
			runOnlyForDeploymentPostprocessing = 0;
		};
/* End PBXFrameworksBuildPhase section */

/* Begin PBXGroup section */
		6FF2ABEA25592B700082E194 = {
			isa = PBXGroup;
			children = (
				6FF2ABF525592B700082E194 /* Drawing */,
				6FF2AC0725592B710082E194 /* DrawingTests */,
				6FF2AC1225592B710082E194 /* DrawingUITests */,
				6FF2ABF425592B700082E194 /* Products */,
			);
			sourceTree = "<group>";
		};
		6FF2ABF425592B700082E194 /* Products */ = {
			isa = PBXGroup;
			children = (
				6FF2ABF325592B700082E194 /* Drawing.app */,
				6FF2AC0425592B710082E194 /* DrawingTests.xctest */,
				6FF2AC0F25592B710082E194 /* DrawingUITests.xctest */,
			);
			name = Products;
			sourceTree = "<group>";
		};
		6FF2ABF525592B700082E194 /* Drawing */ = {
			isa = PBXGroup;
			children = (
				6FF2ABF625592B700082E194 /* DrawingApp.swift */,
				6FF2ABF825592B700082E194 /* ContentView.swift */,
				6FF2ABFA25592B710082E194 /* Assets.xcassets */,
				6FF2ABFF25592B710082E194 /* Info.plist */,
				6FF2ABFC25592B710082E194 /* Preview Content */,
			);
			path = Drawing;
			sourceTree = "<group>";
		};
		6FF2ABFC25592B710082E194 /* Preview Content */ = {
			isa = PBXGroup;
			children = (
				6FF2ABFD25592B710082E194 /* Preview Assets.xcassets */,
			);
			path = "Preview Content";
			sourceTree = "<group>";
		};
		6FF2AC0725592B710082E194 /* DrawingTests */ = {
			isa = PBXGroup;
			children = (
				6FF2AC0825592B710082E194 /* DrawingTests.swift */,
				6FF2AC0A25592B710082E194 /* Info.plist */,
			);
			path = DrawingTests;
			sourceTree = "<group>";
		};
		6FF2AC1225592B710082E194 /* DrawingUITests */ = {
			isa = PBXGroup;
			children = (
				6FF2AC1325592B710082E194 /* DrawingUITests.swift */,
				6FF2AC1525592B710082E194 /* Info.plist */,
			);
			path = DrawingUITests;
			sourceTree = "<group>";
		};
/* End PBXGroup section */

/* Begin PBXNativeTarget section */
		6FF2ABF225592B700082E194 /* Drawing */ = {
			isa = PBXNativeTarget;
			buildConfigurationList = 6FF2AC1825592B710082E194 /* Build configuration list for PBXNativeTarget "Drawing" */;
			buildPhases = (
				6FF2ABEF25592B700082E194 /* Sources */,
				6FF2ABF025592B700082E194 /* Frameworks */,
				6FF2ABF125592B700082E194 /* Resources */,
			);
			buildRules = (
			);
			dependencies = (
			);
			name = Drawing;
			productName = Drawing;
			productReference = 6FF2ABF325592B700082E194 /* Drawing.app */;
			productType = "com.apple.product-type.application";
		};
		6FF2AC0325592B710082E194 /* DrawingTests */ = {
			isa = PBXNativeTarget;
			buildConfigurationList = 6FF2AC1B25592B710082E194 /* Build configuration list for PBXNativeTarget "DrawingTests" */;
			buildPhases = (
				6FF2AC0025592B710082E194 /* Sources */,
				6FF2AC0125592B710082E194 /* Frameworks */,
				6FF2AC0225592B710082E194 /* Resources */,
			);
			buildRules = (
			);
			dependencies = (
				6FF2AC0625592B710082E194 /* PBXTargetDependency */,
			);
			name = DrawingTests;
			productName = DrawingTests;
			productReference = 6FF2AC0425592B710082E194 /* DrawingTests.xctest */;
			productType = "com.apple.product-type.bundle.unit-test";
		};
		6FF2AC0E25592B710082E194 /* DrawingUITests */ = {
			isa = PBXNativeTarget;
			buildConfigurationList = 6FF2AC1E25592B710082E194 /* Build configuration list for PBXNativeTarget "DrawingUITests" */;
			buildPhases = (
				6FF2AC0B25592B710082E194 /* Sources */,
				6FF2AC0C25592B710082E194 /* Frameworks */,
				6FF2AC0D25592B710082E194 /* Resources */,
			);
			buildRules = (
			);
			dependencies = (
				6FF2AC1125592B710082E194 /* PBXTargetDependency */,
			);
			name = DrawingUITests;
			productName = DrawingUITests;
			productReference = 6FF2AC0F25592B710082E194 /* DrawingUITests.xctest */;
			productType = "com.apple.product-type.bundle.ui-testing";
		};
/* End PBXNativeTarget section */

/* Begin PBXProject section */
		6FF2ABEB25592B700082E194 /* Project object */ = {
			isa = PBXProject;
			attributes = {
				LastSwiftUpdateCheck = 1210;
				LastUpgradeCheck = 1210;
				TargetAttributes = {
					6FF2ABF225592B700082E194 = {
						CreatedOnToolsVersion = 12.1;
					};
					6FF2AC0325592B710082E194 = {
						CreatedOnToolsVersion = 12.1;
						TestTargetID = 6FF2ABF225592B700082E194;
					};
					6FF2AC0E25592B710082E194 = {
						CreatedOnToolsVersion = 12.1;
						TestTargetID = 6FF2ABF225592B700082E194;
					};
				};
			};
			buildConfigurationList = 6FF2ABEE25592B700082E194 /* Build configuration list for PBXProject "Drawing" */;
			compatibilityVersion = "Xcode 9.3";
			developmentRegion = en;
			hasScannedForEncodings = 0;
			knownRegions = (
				en,
				Base,
			);
			mainGroup = 6FF2ABEA25592B700082E194;
			productRefGroup = 6FF2ABF425592B700082E194 /* Products */;
			projectDirPath = "";
			projectRoot = "";
			targets = (
				6FF2ABF225592B700082E194 /* Drawing */,
				6FF2AC0325592B710082E194 /* DrawingTests */,
				6FF2AC0E25592B710082E194 /* DrawingUITests */,
			);
		};
/* End PBXProject section */

/* Begin PBXResourcesBuildPhase section */
		6FF2ABF125592B700082E194 /* Resources */ = {
			isa = PBXResourcesBuildPhase;
			buildActionMask = 2147483647;
			files = (
				6FF2ABFE25592B710082E194 /* Preview Assets.xcassets in Resources */,
				6FF2ABFB25592B710082E194 /* Assets.xcassets in Resources */,
			);
			runOnlyForDeploymentPostprocessing = 0;
		};
		6FF2AC0225592B710082E194 /* Resources */ = {
			isa = PBXResourcesBuildPhase;
			buildActionMask = 2147483647;
			files = (
			);
			runOnlyForDeploymentPostprocessing = 0;
		};
		6FF2AC0D25592B710082E194 /* Resources */ = {
			isa = PBXResourcesBuildPhase;
			buildActionMask = 2147483647;
			files = (
			);
			runOnlyForDeploymentPostprocessing = 0;
		};
/* End PBXResourcesBuildPhase section */

/* Begin PBXSourcesBuildPhase section */
		6FF2ABEF25592B700082E194 /* Sources */ = {
			isa = PBXSourcesBuildPhase;
			buildActionMask = 2147483647;
			files = (
				6FF2ABF925592B700082E194 /* ContentView.swift in Sources */,
				6FF2ABF725592B700082E194 /* DrawingApp.swift in Sources */,
			);
			runOnlyForDeploymentPostprocessing = 0;
		};
		6FF2AC0025592B710082E194 /* Sources */ = {
			isa = PBXSourcesBuildPhase;
			buildActionMask = 2147483647;
			files = (
				6FF2AC0925592B710082E194 /* DrawingTests.swift in Sources */,
			);
			runOnlyForDeploymentPostprocessing = 0;
		};
		6FF2AC0B25592B710082E194 /* Sources */ = {
			isa = PBXSourcesBuildPhase;
			buildActionMask = 2147483647;
			files = (
				6FF2AC1425592B710082E194 /* DrawingUITests.swift in Sources */,
			);
			runOnlyForDeploymentPostprocessing = 0;
		};
/* End PBXSourcesBuildPhase section */

/* Begin PBXTargetDependency section */
		6FF2AC0625592B710082E194 /* PBXTargetDependency */ = {
			isa = PBXTargetDependency;
			target = 6FF2ABF225592B700082E194 /* Drawing */;
			targetProxy = 6FF2AC0525592B710082E194 /* PBXContainerItemProxy */;
		};
		6FF2AC1125592B710082E194 /* PBXTargetDependency */ = {
			isa = PBXTargetDependency;
			target = 6FF2ABF225592B700082E194 /* Drawing */;
			targetProxy = 6FF2AC1025592B710082E194 /* PBXContainerItemProxy */;
		};
/* End PBXTargetDependency section */

/* Begin XCBuildConfiguration section */
		6FF2AC1625592B710082E194 /* Debug */ = {
			isa = XCBuildConfiguration;
			buildSettings = {
				ALWAYS_SEARCH_USER_PATHS = NO;
				CLANG_ANALYZER_NONNULL = YES;
				CLANG_ANALYZER_NUMBER_OBJECT_CONVERSION = YES_AGGRESSIVE;
				CLANG_CXX_LANGUAGE_STANDARD = "gnu++14";
				CLANG_CXX_LIBRARY = "libc++";
				CLANG_ENABLE_MODULES = YES;
				CLANG_ENABLE_OBJC_ARC = YES;
				CLANG_ENABLE_OBJC_WEAK = YES;
				CLANG_WARN_BLOCK_CAPTURE_AUTORELEASING = YES;
				CLANG_WARN_BOOL_CONVERSION = YES;
				CLANG_WARN_COMMA = YES;
				CLANG_WARN_CONSTANT_CONVERSION = YES;
				CLANG_WARN_DEPRECATED_OBJC_IMPLEMENTATIONS = YES;
				CLANG_WARN_DIRECT_OBJC_ISA_USAGE = YES_ERROR;
				CLANG_WARN_DOCUMENTATION_COMMENTS = YES;
				CLANG_WARN_EMPTY_BODY = YES;
				CLANG_WARN_ENUM_CONVERSION = YES;
				CLANG_WARN_INFINITE_RECURSION = YES;
				CLANG_WARN_INT_CONVERSION = YES;
				CLANG_WARN_NON_LITERAL_NULL_CONVERSION = YES;
				CLANG_WARN_OBJC_IMPLICIT_RETAIN_SELF = YES;
				CLANG_WARN_OBJC_LITERAL_CONVERSION = YES;
				CLANG_WARN_OBJC_ROOT_CLASS = YES_ERROR;
				CLANG_WARN_QUOTED_INCLUDE_IN_FRAMEWORK_HEADER = YES;
				CLANG_WARN_RANGE_LOOP_ANALYSIS = YES;
				CLANG_WARN_STRICT_PROTOTYPES = YES;
				CLANG_WARN_SUSPICIOUS_MOVE = YES;
				CLANG_WARN_UNGUARDED_AVAILABILITY = YES_AGGRESSIVE;
				CLANG_WARN_UNREACHABLE_CODE = YES;
				CLANG_WARN__DUPLICATE_METHOD_MATCH = YES;
				COPY_PHASE_STRIP = NO;
				DEBUG_INFORMATION_FORMAT = dwarf;
				ENABLE_STRICT_OBJC_MSGSEND = YES;
				ENABLE_TESTABILITY = YES;
				GCC_C_LANGUAGE_STANDARD = gnu11;
				GCC_DYNAMIC_NO_PIC = NO;
				GCC_NO_COMMON_BLOCKS = YES;
				GCC_OPTIMIZATION_LEVEL = 0;
				GCC_PREPROCESSOR_DEFINITIONS = (
					"DEBUG=1",
					"$(inherited)",
				);
				GCC_WARN_64_TO_32_BIT_CONVERSION = YES;
				GCC_WARN_ABOUT_RETURN_TYPE = YES_ERROR;
				GCC_WARN_UNDECLARED_SELECTOR = YES;
				GCC_WARN_UNINITIALIZED_AUTOS = YES_AGGRESSIVE;
				GCC_WARN_UNUSED_FUNCTION = YES;
				GCC_WARN_UNUSED_VARIABLE = YES;
				IPHONEOS_DEPLOYMENT_TARGET = 14.1;
				MTL_ENABLE_DEBUG_INFO = INCLUDE_SOURCE;
				MTL_FAST_MATH = YES;
				ONLY_ACTIVE_ARCH = YES;
				SDKROOT = iphoneos;
				SWIFT_ACTIVE_COMPILATION_CONDITIONS = DEBUG;
				SWIFT_OPTIMIZATION_LEVEL = "-Onone";
			};
			name = Debug;
		};
		6FF2AC1725592B710082E194 /* Release */ = {
			isa = XCBuildConfiguration;
			buildSettings = {
				ALWAYS_SEARCH_USER_PATHS = NO;
				CLANG_ANALYZER_NONNULL = YES;
				CLANG_ANALYZER_NUMBER_OBJECT_CONVERSION = YES_AGGRESSIVE;
				CLANG_CXX_LANGUAGE_STANDARD = "gnu++14";
				CLANG_CXX_LIBRARY = "libc++";
				CLANG_ENABLE_MODULES = YES;
				CLANG_ENABLE_OBJC_ARC = YES;
				CLANG_ENABLE_OBJC_WEAK = YES;
				CLANG_WARN_BLOCK_CAPTURE_AUTORELEASING = YES;
				CLANG_WARN_BOOL_CONVERSION = YES;
				CLANG_WARN_COMMA = YES;
				CLANG_WARN_CONSTANT_CONVERSION = YES;
				CLANG_WARN_DEPRECATED_OBJC_IMPLEMENTATIONS = YES;
				CLANG_WARN_DIRECT_OBJC_ISA_USAGE = YES_ERROR;
				CLANG_WARN_DOCUMENTATION_COMMENTS = YES;
				CLANG_WARN_EMPTY_BODY = YES;
				CLANG_WARN_ENUM_CONVERSION = YES;
				CLANG_WARN_INFINITE_RECURSION = YES;
				CLANG_WARN_INT_CONVERSION = YES;
				CLANG_WARN_NON_LITERAL_NULL_CONVERSION = YES;
				CLANG_WARN_OBJC_IMPLICIT_RETAIN_SELF = YES;
				CLANG_WARN_OBJC_LITERAL_CONVERSION = YES;
				CLANG_WARN_OBJC_ROOT_CLASS = YES_ERROR;
				CLANG_WARN_QUOTED_INCLUDE_IN_FRAMEWORK_HEADER = YES;
				CLANG_WARN_RANGE_LOOP_ANALYSIS = YES;
				CLANG_WARN_STRICT_PROTOTYPES = YES;
				CLANG_WARN_SUSPICIOUS_MOVE = YES;
				CLANG_WARN_UNGUARDED_AVAILABILITY = YES_AGGRESSIVE;
				CLANG_WARN_UNREACHABLE_CODE = YES;
				CLANG_WARN__DUPLICATE_METHOD_MATCH = YES;
				COPY_PHASE_STRIP = NO;
				DEBUG_INFORMATION_FORMAT = "dwarf-with-dsym";
				ENABLE_NS_ASSERTIONS = NO;
				ENABLE_STRICT_OBJC_MSGSEND = YES;
				GCC_C_LANGUAGE_STANDARD = gnu11;
				GCC_NO_COMMON_BLOCKS = YES;
				GCC_WARN_64_TO_32_BIT_CONVERSION = YES;
				GCC_WARN_ABOUT_RETURN_TYPE = YES_ERROR;
				GCC_WARN_UNDECLARED_SELECTOR = YES;
				GCC_WARN_UNINITIALIZED_AUTOS = YES_AGGRESSIVE;
				GCC_WARN_UNUSED_FUNCTION = YES;
				GCC_WARN_UNUSED_VARIABLE = YES;
				IPHONEOS_DEPLOYMENT_TARGET = 14.1;
				MTL_ENABLE_DEBUG_INFO = NO;
				MTL_FAST_MATH = YES;
				SDKROOT = iphoneos;
				SWIFT_COMPILATION_MODE = wholemodule;
				SWIFT_OPTIMIZATION_LEVEL = "-O";
				VALIDATE_PRODUCT = YES;
			};
			name = Release;
		};
		6FF2AC1925592B710082E194 /* Debug */ = {
			isa = XCBuildConfiguration;
			buildSettings = {
				ASSETCATALOG_COMPILER_APPICON_NAME = AppIcon;
				ASSETCATALOG_COMPILER_GLOBAL_ACCENT_COLOR_NAME = AccentColor;
				CODE_SIGN_STYLE = Automatic;
				DEVELOPMENT_ASSET_PATHS = "\"Drawing/Preview Content\"";
				ENABLE_PREVIEWS = YES;
				INFOPLIST_FILE = Drawing/Info.plist;
				IPHONEOS_DEPLOYMENT_TARGET = 14.0;
				LD_RUNPATH_SEARCH_PATHS = (
					"$(inherited)",
					"@executable_path/Frameworks",
				);
				PRODUCT_BUNDLE_IDENTIFIER = com.learning.Drawing;
				PRODUCT_NAME = "$(TARGET_NAME)";
				SWIFT_VERSION = 5.0;
				TARGETED_DEVICE_FAMILY = "1,2";
			};
			name = Debug;
		};
		6FF2AC1A25592B710082E194 /* Release */ = {
			isa = XCBuildConfiguration;
			buildSettings = {
				ASSETCATALOG_COMPILER_APPICON_NAME = AppIcon;
				ASSETCATALOG_COMPILER_GLOBAL_ACCENT_COLOR_NAME = AccentColor;
				CODE_SIGN_STYLE = Automatic;
				DEVELOPMENT_ASSET_PATHS = "\"Drawing/Preview Content\"";
				ENABLE_PREVIEWS = YES;
				INFOPLIST_FILE = Drawing/Info.plist;
				IPHONEOS_DEPLOYMENT_TARGET = 14.0;
				LD_RUNPATH_SEARCH_PATHS = (
					"$(inherited)",
					"@executable_path/Frameworks",
				);
				PRODUCT_BUNDLE_IDENTIFIER = com.learning.Drawing;
				PRODUCT_NAME = "$(TARGET_NAME)";
				SWIFT_VERSION = 5.0;
				TARGETED_DEVICE_FAMILY = "1,2";
			};
			name = Release;
		};
		6FF2AC1C25592B710082E194 /* Debug */ = {
			isa = XCBuildConfiguration;
			buildSettings = {
				ALWAYS_EMBED_SWIFT_STANDARD_LIBRARIES = YES;
				BUNDLE_LOADER = "$(TEST_HOST)";
				CODE_SIGN_STYLE = Automatic;
				INFOPLIST_FILE = DrawingTests/Info.plist;
				IPHONEOS_DEPLOYMENT_TARGET = 14.0;
				LD_RUNPATH_SEARCH_PATHS = (
					"$(inherited)",
					"@executable_path/Frameworks",
					"@loader_path/Frameworks",
				);
				PRODUCT_BUNDLE_IDENTIFIER = com.learning.DrawingTests;
				PRODUCT_NAME = "$(TARGET_NAME)";
				SWIFT_VERSION = 5.0;
				TARGETED_DEVICE_FAMILY = "1,2";
				TEST_HOST = "$(BUILT_PRODUCTS_DIR)/Drawing.app/Drawing";
			};
			name = Debug;
		};
		6FF2AC1D25592B710082E194 /* Release */ = {
			isa = XCBuildConfiguration;
			buildSettings = {
				ALWAYS_EMBED_SWIFT_STANDARD_LIBRARIES = YES;
				BUNDLE_LOADER = "$(TEST_HOST)";
				CODE_SIGN_STYLE = Automatic;
				INFOPLIST_FILE = DrawingTests/Info.plist;
				IPHONEOS_DEPLOYMENT_TARGET = 14.0;
				LD_RUNPATH_SEARCH_PATHS = (
					"$(inherited)",
					"@executable_path/Frameworks",
					"@loader_path/Frameworks",
				);
				PRODUCT_BUNDLE_IDENTIFIER = com.learning.DrawingTests;
				PRODUCT_NAME = "$(TARGET_NAME)";
				SWIFT_VERSION = 5.0;
				TARGETED_DEVICE_FAMILY = "1,2";
				TEST_HOST = "$(BUILT_PRODUCTS_DIR)/Drawing.app/Drawing";
			};
			name = Release;
		};
		6FF2AC1F25592B710082E194 /* Debug */ = {
			isa = XCBuildConfiguration;
			buildSettings = {
				ALWAYS_EMBED_SWIFT_STANDARD_LIBRARIES = YES;
				CODE_SIGN_STYLE = Automatic;
				INFOPLIST_FILE = DrawingUITests/Info.plist;
				LD_RUNPATH_SEARCH_PATHS = (
					"$(inherited)",
					"@executable_path/Frameworks",
					"@loader_path/Frameworks",
				);
				PRODUCT_BUNDLE_IDENTIFIER = com.learning.DrawingUITests;
				PRODUCT_NAME = "$(TARGET_NAME)";
				SWIFT_VERSION = 5.0;
				TARGETED_DEVICE_FAMILY = "1,2";
				TEST_TARGET_NAME = Drawing;
			};
			name = Debug;
		};
		6FF2AC2025592B710082E194 /* Release */ = {
			isa = XCBuildConfiguration;
			buildSettings = {
				ALWAYS_EMBED_SWIFT_STANDARD_LIBRARIES = YES;
				CODE_SIGN_STYLE = Automatic;
				INFOPLIST_FILE = DrawingUITests/Info.plist;
				LD_RUNPATH_SEARCH_PATHS = (
					"$(inherited)",
					"@executable_path/Frameworks",
					"@loader_path/Frameworks",
				);
				PRODUCT_BUNDLE_IDENTIFIER = com.learning.DrawingUITests;
				PRODUCT_NAME = "$(TARGET_NAME)";
				SWIFT_VERSION = 5.0;
				TARGETED_DEVICE_FAMILY = "1,2";
				TEST_TARGET_NAME = Drawing;
			};
			name = Release;
		};
/* End XCBuildConfiguration section */

/* Begin XCConfigurationList section */
		6FF2ABEE25592B700082E194 /* Build configuration list for PBXProject "Drawing" */ = {
			isa = XCConfigurationList;
			buildConfigurations = (
				6FF2AC1625592B710082E194 /* Debug */,
				6FF2AC1725592B710082E194 /* Release */,
			);
			defaultConfigurationIsVisible = 0;
			defaultConfigurationName = Release;
		};
		6FF2AC1825592B710082E194 /* Build configuration list for PBXNativeTarget "Drawing" */ = {
			isa = XCConfigurationList;
			buildConfigurations = (
				6FF2AC1925592B710082E194 /* Debug */,
				6FF2AC1A25592B710082E194 /* Release */,
			);
			defaultConfigurationIsVisible = 0;
			defaultConfigurationName = Release;
		};
		6FF2AC1B25592B710082E194 /* Build configuration list for PBXNativeTarget "DrawingTests" */ = {
			isa = XCConfigurationList;
			buildConfigurations = (
				6FF2AC1C25592B710082E194 /* Debug */,
				6FF2AC1D25592B710082E194 /* Release */,
			);
			defaultConfigurationIsVisible = 0;
			defaultConfigurationName = Release;
		};
		6FF2AC1E25592B710082E194 /* Build configuration list for PBXNativeTarget "DrawingUITests" */ = {
			isa = XCConfigurationList;
			buildConfigurations = (
				6FF2AC1F25592B710082E194 /* Debug */,
				6FF2AC2025592B710082E194 /* Release */,
			);
			defaultConfigurationIsVisible = 0;
			defaultConfigurationName = Release;
		};
/* End XCConfigurationList section */
	};
	rootObject = 6FF2ABEB25592B700082E194 /* Project object */;
}
