// !$*UTF8*$!
{
	archiveVersion = 1;
	classes = {
	};
	objectVersion = 50;
	objects = {

/* Begin PBXBuildFile section */
		6F3CEFD525909EB6009966C1 /* ManagedObjectError.swift in Sources */ = {isa = PBXBuildFile; fileRef = 6F3CEFD425909EB6009966C1 /* ManagedObjectError.swift */; };
		6FE44D4425909127001B79A0 /* AppDelegate.swift in Sources */ = {isa = PBXBuildFile; fileRef = 6FE44D4325909127001B79A0 /* AppDelegate.swift */; };
		6FE44D4625909127001B79A0 /* SceneDelegate.swift in Sources */ = {isa = PBXBuildFile; fileRef = 6FE44D4525909127001B79A0 /* SceneDelegate.swift */; };
		6FE44D4825909127001B79A0 /* ContentView.swift in Sources */ = {isa = PBXBuildFile; fileRef = 6FE44D4725909127001B79A0 /* ContentView.swift */; };
		6FE44D4B25909127001B79A0 /* Projects_10_12.xcdatamodeld in Sources */ = {isa = PBXBuildFile; fileRef = 6FE44D4925909127001B79A0 /* Projects_10_12.xcdatamodeld */; };
		6FE44D4D25909127001B79A0 /* Assets.xcassets in Resources */ = {isa = PBXBuildFile; fileRef = 6FE44D4C25909127001B79A0 /* Assets.xcassets */; };
		6FE44D5025909127001B79A0 /* Preview Assets.xcassets in Resources */ = {isa = PBXBuildFile; fileRef = 6FE44D4F25909127001B79A0 /* Preview Assets.xcassets */; };
		6FE44D5325909127001B79A0 /* LaunchScreen.storyboard in Resources */ = {isa = PBXBuildFile; fileRef = 6FE44D5125909127001B79A0 /* LaunchScreen.storyboard */; };
		6FE44D5C25909147001B79A0 /* DetailView.swift in Sources */ = {isa = PBXBuildFile; fileRef = 6FE44D5B25909147001B79A0 /* DetailView.swift */; };
		6FE44D5F25909156001B79A0 /* FriendDetailView.swift in Sources */ = {isa = PBXBuildFile; fileRef = 6FE44D5E25909156001B79A0 /* FriendDetailView.swift */; };
		6FE44D7525909524001B79A0 /* User+CoreDataClass.swift in Sources */ = {isa = PBXBuildFile; fileRef = 6FE44D7125909524001B79A0 /* User+CoreDataClass.swift */; };
		6FE44D7625909524001B79A0 /* User+CoreDataProperties.swift in Sources */ = {isa = PBXBuildFile; fileRef = 6FE44D7225909524001B79A0 /* User+CoreDataProperties.swift */; };
		6FE44D7725909524001B79A0 /* Friend+CoreDataClass.swift in Sources */ = {isa = PBXBuildFile; fileRef = 6FE44D7325909524001B79A0 /* Friend+CoreDataClass.swift */; };
		6FE44D7825909524001B79A0 /* Friend+CoreDataProperties.swift in Sources */ = {isa = PBXBuildFile; fileRef = 6FE44D7425909524001B79A0 /* Friend+CoreDataProperties.swift */; };
		6FE44D7C25909905001B79A0 /* CodingUserInfoKey+Extension.swift in Sources */ = {isa = PBXBuildFile; fileRef = 6FE44D7B25909905001B79A0 /* CodingUserInfoKey+Extension.swift */; };
/* End PBXBuildFile section */

/* Begin PBXFileReference section */
		6F3CEFD425909EB6009966C1 /* ManagedObjectError.swift */ = {isa = PBXFileReference; lastKnownFileType = sourcecode.swift; path = ManagedObjectError.swift; sourceTree = "<group>"; };
		6FE44D4025909127001B79A0 /* Projects 10-12.app */ = {isa = PBXFileReference; explicitFileType = wrapper.application; includeInIndex = 0; path = "Projects 10-12.app"; sourceTree = BUILT_PRODUCTS_DIR; };
		6FE44D4325909127001B79A0 /* AppDelegate.swift */ = {isa = PBXFileReference; lastKnownFileType = sourcecode.swift; path = AppDelegate.swift; sourceTree = "<group>"; };
		6FE44D4525909127001B79A0 /* SceneDelegate.swift */ = {isa = PBXFileReference; lastKnownFileType = sourcecode.swift; path = SceneDelegate.swift; sourceTree = "<group>"; };
		6FE44D4725909127001B79A0 /* ContentView.swift */ = {isa = PBXFileReference; lastKnownFileType = sourcecode.swift; path = ContentView.swift; sourceTree = "<group>"; };
		6FE44D4A25909127001B79A0 /* Projects_10_12.xcdatamodel */ = {isa = PBXFileReference; lastKnownFileType = wrapper.xcdatamodel; path = Projects_10_12.xcdatamodel; sourceTree = "<group>"; };
		6FE44D4C25909127001B79A0 /* Assets.xcassets */ = {isa = PBXFileReference; lastKnownFileType = folder.assetcatalog; path = Assets.xcassets; sourceTree = "<group>"; };
		6FE44D4F25909127001B79A0 /* Preview Assets.xcassets */ = {isa = PBXFileReference; lastKnownFileType = folder.assetcatalog; path = "Preview Assets.xcassets"; sourceTree = "<group>"; };
		6FE44D5225909127001B79A0 /* Base */ = {isa = PBXFileReference; lastKnownFileType = file.storyboard; name = Base; path = Base.lproj/LaunchScreen.storyboard; sourceTree = "<group>"; };
		6FE44D5425909127001B79A0 /* Info.plist */ = {isa = PBXFileReference; lastKnownFileType = text.plist.xml; path = Info.plist; sourceTree = "<group>"; };
		6FE44D5B25909147001B79A0 /* DetailView.swift */ = {isa = PBXFileReference; lastKnownFileType = sourcecode.swift; path = DetailView.swift; sourceTree = "<group>"; };
		6FE44D5E25909156001B79A0 /* FriendDetailView.swift */ = {isa = PBXFileReference; lastKnownFileType = sourcecode.swift; path = FriendDetailView.swift; sourceTree = "<group>"; };
		6FE44D7125909524001B79A0 /* User+CoreDataClass.swift */ = {isa = PBXFileReference; lastKnownFileType = sourcecode.swift; path = "User+CoreDataClass.swift"; sourceTree = SOURCE_ROOT; };
		6FE44D7225909524001B79A0 /* User+CoreDataProperties.swift */ = {isa = PBXFileReference; lastKnownFileType = sourcecode.swift; path = "User+CoreDataProperties.swift"; sourceTree = SOURCE_ROOT; };
		6FE44D7325909524001B79A0 /* Friend+CoreDataClass.swift */ = {isa = PBXFileReference; lastKnownFileType = sourcecode.swift; path = "Friend+CoreDataClass.swift"; sourceTree = SOURCE_ROOT; };
		6FE44D7425909524001B79A0 /* Friend+CoreDataProperties.swift */ = {isa = PBXFileReference; lastKnownFileType = sourcecode.swift; path = "Friend+CoreDataProperties.swift"; sourceTree = SOURCE_ROOT; };
		6FE44D7B25909905001B79A0 /* CodingUserInfoKey+Extension.swift */ = {isa = PBXFileReference; lastKnownFileType = sourcecode.swift; path = "CodingUserInfoKey+Extension.swift"; sourceTree = "<group>"; };
/* End PBXFileReference section */

/* Begin PBXFrameworksBuildPhase section */
		6FE44D3D25909127001B79A0 /* Frameworks */ = {
			isa = PBXFrameworksBuildPhase;
			buildActionMask = 2147483647;
			files = (
			);
			runOnlyForDeploymentPostprocessing = 0;
		};
/* End PBXFrameworksBuildPhase section */

/* Begin PBXGroup section */
		6FE44D3725909127001B79A0 = {
			isa = PBXGroup;
			children = (
				6FE44D4225909127001B79A0 /* Projects 10-12 */,
				6FE44D4125909127001B79A0 /* Products */,
			);
			sourceTree = "<group>";
		};
		6FE44D4125909127001B79A0 /* Products */ = {
			isa = PBXGroup;
			children = (
				6FE44D4025909127001B79A0 /* Projects 10-12.app */,
			);
			name = Products;
			sourceTree = "<group>";
		};
		6FE44D4225909127001B79A0 /* Projects 10-12 */ = {
			isa = PBXGroup;
			children = (
				6F3CEFD425909EB6009966C1 /* ManagedObjectError.swift */,
				6FE44D7125909524001B79A0 /* User+CoreDataClass.swift */,
				6FE44D7225909524001B79A0 /* User+CoreDataProperties.swift */,
				6FE44D7325909524001B79A0 /* Friend+CoreDataClass.swift */,
				6FE44D7425909524001B79A0 /* Friend+CoreDataProperties.swift */,
				6FE44D4325909127001B79A0 /* AppDelegate.swift */,
				6FE44D4525909127001B79A0 /* SceneDelegate.swift */,
				6FE44D4725909127001B79A0 /* ContentView.swift */,
				6FE44D7B25909905001B79A0 /* CodingUserInfoKey+Extension.swift */,
				6FE44D5B25909147001B79A0 /* DetailView.swift */,
				6FE44D5E25909156001B79A0 /* FriendDetailView.swift */,
				6FE44D4C25909127001B79A0 /* Assets.xcassets */,
				6FE44D5125909127001B79A0 /* LaunchScreen.storyboard */,
				6FE44D5425909127001B79A0 /* Info.plist */,
				6FE44D4925909127001B79A0 /* Projects_10_12.xcdatamodeld */,
				6FE44D4E25909127001B79A0 /* Preview Content */,
			);
			path = "Projects 10-12";
			sourceTree = "<group>";
		};
		6FE44D4E25909127001B79A0 /* Preview Content */ = {
			isa = PBXGroup;
			children = (
				6FE44D4F25909127001B79A0 /* Preview Assets.xcassets */,
			);
			path = "Preview Content";
			sourceTree = "<group>";
		};
/* End PBXGroup section */

/* Begin PBXNativeTarget section */
		6FE44D3F25909127001B79A0 /* Projects 10-12 */ = {
			isa = PBXNativeTarget;
			buildConfigurationList = 6FE44D5725909127001B79A0 /* Build configuration list for PBXNativeTarget "Projects 10-12" */;
			buildPhases = (
				6FE44D3C25909127001B79A0 /* Sources */,
				6FE44D3D25909127001B79A0 /* Frameworks */,
				6FE44D3E25909127001B79A0 /* Resources */,
			);
			buildRules = (
			);
			dependencies = (
			);
			name = "Projects 10-12";
			productName = "Projects 10-12";
			productReference = 6FE44D4025909127001B79A0 /* Projects 10-12.app */;
			productType = "com.apple.product-type.application";
		};
/* End PBXNativeTarget section */

/* Begin PBXProject section */
		6FE44D3825909127001B79A0 /* Project object */ = {
			isa = PBXProject;
			attributes = {
				LastSwiftUpdateCheck = 1220;
				LastUpgradeCheck = 1220;
				TargetAttributes = {
					6FE44D3F25909127001B79A0 = {
						CreatedOnToolsVersion = 12.2;
					};
				};
			};
			buildConfigurationList = 6FE44D3B25909127001B79A0 /* Build configuration list for PBXProject "Projects 10-12" */;
			compatibilityVersion = "Xcode 9.3";
			developmentRegion = en;
			hasScannedForEncodings = 0;
			knownRegions = (
				en,
				Base,
			);
			mainGroup = 6FE44D3725909127001B79A0;
			productRefGroup = 6FE44D4125909127001B79A0 /* Products */;
			projectDirPath = "";
			projectRoot = "";
			targets = (
				6FE44D3F25909127001B79A0 /* Projects 10-12 */,
			);
		};
/* End PBXProject section */

/* Begin PBXResourcesBuildPhase section */
		6FE44D3E25909127001B79A0 /* Resources */ = {
			isa = PBXResourcesBuildPhase;
			buildActionMask = 2147483647;
			files = (
				6FE44D5325909127001B79A0 /* LaunchScreen.storyboard in Resources */,
				6FE44D5025909127001B79A0 /* Preview Assets.xcassets in Resources */,
				6FE44D4D25909127001B79A0 /* Assets.xcassets in Resources */,
			);
			runOnlyForDeploymentPostprocessing = 0;
		};
/* End PBXResourcesBuildPhase section */

/* Begin PBXSourcesBuildPhase section */
		6FE44D3C25909127001B79A0 /* Sources */ = {
			isa = PBXSourcesBuildPhase;
			buildActionMask = 2147483647;
			files = (
				6FE44D4425909127001B79A0 /* AppDelegate.swift in Sources */,
				6FE44D7C25909905001B79A0 /* CodingUserInfoKey+Extension.swift in Sources */,
				6FE44D4625909127001B79A0 /* SceneDelegate.swift in Sources */,
				6FE44D4825909127001B79A0 /* ContentView.swift in Sources */,
				6FE44D7725909524001B79A0 /* Friend+CoreDataClass.swift in Sources */,
				6F3CEFD525909EB6009966C1 /* ManagedObjectError.swift in Sources */,
				6FE44D5F25909156001B79A0 /* FriendDetailView.swift in Sources */,
				6FE44D7825909524001B79A0 /* Friend+CoreDataProperties.swift in Sources */,
				6FE44D5C25909147001B79A0 /* DetailView.swift in Sources */,
				6FE44D7525909524001B79A0 /* User+CoreDataClass.swift in Sources */,
				6FE44D4B25909127001B79A0 /* Projects_10_12.xcdatamodeld in Sources */,
				6FE44D7625909524001B79A0 /* User+CoreDataProperties.swift in Sources */,
			);
			runOnlyForDeploymentPostprocessing = 0;
		};
/* End PBXSourcesBuildPhase section */

/* Begin PBXVariantGroup section */
		6FE44D5125909127001B79A0 /* LaunchScreen.storyboard */ = {
			isa = PBXVariantGroup;
			children = (
				6FE44D5225909127001B79A0 /* Base */,
			);
			name = LaunchScreen.storyboard;
			sourceTree = "<group>";
		};
/* End PBXVariantGroup section */

/* Begin XCBuildConfiguration section */
		6FE44D5525909127001B79A0 /* Debug */ = {
			isa = XCBuildConfiguration;
			buildSettings = {
				ALWAYS_SEARCH_USER_PATHS = NO;
				CLANG_ANALYZER_NONNULL = YES;
				CLANG_ANALYZER_NUMBER_OBJECT_CONVERSION = YES_AGGRESSIVE;
				CLANG_CXX_LANGUAGE_STANDARD = "gnu++14";
				CLANG_CXX_LIBRARY = "libc++";
				CLANG_ENABLE_MODULES = YES;
				CLANG_ENABLE_OBJC_ARC = YES;
				CLANG_ENABLE_OBJC_WEAK = YES;
				CLANG_WARN_BLOCK_CAPTURE_AUTORELEASING = YES;
				CLANG_WARN_BOOL_CONVERSION = YES;
				CLANG_WARN_COMMA = YES;
				CLANG_WARN_CONSTANT_CONVERSION = YES;
				CLANG_WARN_DEPRECATED_OBJC_IMPLEMENTATIONS = YES;
				CLANG_WARN_DIRECT_OBJC_ISA_USAGE = YES_ERROR;
				CLANG_WARN_DOCUMENTATION_COMMENTS = YES;
				CLANG_WARN_EMPTY_BODY = YES;
				CLANG_WARN_ENUM_CONVERSION = YES;
				CLANG_WARN_INFINITE_RECURSION = YES;
				CLANG_WARN_INT_CONVERSION = YES;
				CLANG_WARN_NON_LITERAL_NULL_CONVERSION = YES;
				CLANG_WARN_OBJC_IMPLICIT_RETAIN_SELF = YES;
				CLANG_WARN_OBJC_LITERAL_CONVERSION = YES;
				CLANG_WARN_OBJC_ROOT_CLASS = YES_ERROR;
				CLANG_WARN_QUOTED_INCLUDE_IN_FRAMEWORK_HEADER = YES;
				CLANG_WARN_RANGE_LOOP_ANALYSIS = YES;
				CLANG_WARN_STRICT_PROTOTYPES = YES;
				CLANG_WARN_SUSPICIOUS_MOVE = YES;
				CLANG_WARN_UNGUARDED_AVAILABILITY = YES_AGGRESSIVE;
				CLANG_WARN_UNREACHABLE_CODE = YES;
				CLANG_WARN__DUPLICATE_METHOD_MATCH = YES;
				COPY_PHASE_STRIP = NO;
				DEBUG_INFORMATION_FORMAT = dwarf;
				ENABLE_STRICT_OBJC_MSGSEND = YES;
				ENABLE_TESTABILITY = YES;
				GCC_C_LANGUAGE_STANDARD = gnu11;
				GCC_DYNAMIC_NO_PIC = NO;
				GCC_NO_COMMON_BLOCKS = YES;
				GCC_OPTIMIZATION_LEVEL = 0;
				GCC_PREPROCESSOR_DEFINITIONS = (
					"DEBUG=1",
					"$(inherited)",
				);
				GCC_WARN_64_TO_32_BIT_CONVERSION = YES;
				GCC_WARN_ABOUT_RETURN_TYPE = YES_ERROR;
				GCC_WARN_UNDECLARED_SELECTOR = YES;
				GCC_WARN_UNINITIALIZED_AUTOS = YES_AGGRESSIVE;
				GCC_WARN_UNUSED_FUNCTION = YES;
				GCC_WARN_UNUSED_VARIABLE = YES;
				IPHONEOS_DEPLOYMENT_TARGET = 14.2;
				MTL_ENABLE_DEBUG_INFO = INCLUDE_SOURCE;
				MTL_FAST_MATH = YES;
				ONLY_ACTIVE_ARCH = YES;
				SDKROOT = iphoneos;
				SWIFT_ACTIVE_COMPILATION_CONDITIONS = DEBUG;
				SWIFT_OPTIMIZATION_LEVEL = "-Onone";
			};
			name = Debug;
		};
		6FE44D5625909127001B79A0 /* Release */ = {
			isa = XCBuildConfiguration;
			buildSettings = {
				ALWAYS_SEARCH_USER_PATHS = NO;
				CLANG_ANALYZER_NONNULL = YES;
				CLANG_ANALYZER_NUMBER_OBJECT_CONVERSION = YES_AGGRESSIVE;
				CLANG_CXX_LANGUAGE_STANDARD = "gnu++14";
				CLANG_CXX_LIBRARY = "libc++";
				CLANG_ENABLE_MODULES = YES;
				CLANG_ENABLE_OBJC_ARC = YES;
				CLANG_ENABLE_OBJC_WEAK = YES;
				CLANG_WARN_BLOCK_CAPTURE_AUTORELEASING = YES;
				CLANG_WARN_BOOL_CONVERSION = YES;
				CLANG_WARN_COMMA = YES;
				CLANG_WARN_CONSTANT_CONVERSION = YES;
				CLANG_WARN_DEPRECATED_OBJC_IMPLEMENTATIONS = YES;
				CLANG_WARN_DIRECT_OBJC_ISA_USAGE = YES_ERROR;
				CLANG_WARN_DOCUMENTATION_COMMENTS = YES;
				CLANG_WARN_EMPTY_BODY = YES;
				CLANG_WARN_ENUM_CONVERSION = YES;
				CLANG_WARN_INFINITE_RECURSION = YES;
				CLANG_WARN_INT_CONVERSION = YES;
				CLANG_WARN_NON_LITERAL_NULL_CONVERSION = YES;
				CLANG_WARN_OBJC_IMPLICIT_RETAIN_SELF = YES;
				CLANG_WARN_OBJC_LITERAL_CONVERSION = YES;
				CLANG_WARN_OBJC_ROOT_CLASS = YES_ERROR;
				CLANG_WARN_QUOTED_INCLUDE_IN_FRAMEWORK_HEADER = YES;
				CLANG_WARN_RANGE_LOOP_ANALYSIS = YES;
				CLANG_WARN_STRICT_PROTOTYPES = YES;
				CLANG_WARN_SUSPICIOUS_MOVE = YES;
				CLANG_WARN_UNGUARDED_AVAILABILITY = YES_AGGRESSIVE;
				CLANG_WARN_UNREACHABLE_CODE = YES;
				CLANG_WARN__DUPLICATE_METHOD_MATCH = YES;
				COPY_PHASE_STRIP = NO;
				DEBUG_INFORMATION_FORMAT = "dwarf-with-dsym";
				ENABLE_NS_ASSERTIONS = NO;
				ENABLE_STRICT_OBJC_MSGSEND = YES;
				GCC_C_LANGUAGE_STANDARD = gnu11;
				GCC_NO_COMMON_BLOCKS = YES;
				GCC_WARN_64_TO_32_BIT_CONVERSION = YES;
				GCC_WARN_ABOUT_RETURN_TYPE = YES_ERROR;
				GCC_WARN_UNDECLARED_SELECTOR = YES;
				GCC_WARN_UNINITIALIZED_AUTOS = YES_AGGRESSIVE;
				GCC_WARN_UNUSED_FUNCTION = YES;
				GCC_WARN_UNUSED_VARIABLE = YES;
				IPHONEOS_DEPLOYMENT_TARGET = 14.2;
				MTL_ENABLE_DEBUG_INFO = NO;
				MTL_FAST_MATH = YES;
				SDKROOT = iphoneos;
				SWIFT_COMPILATION_MODE = wholemodule;
				SWIFT_OPTIMIZATION_LEVEL = "-O";
				VALIDATE_PRODUCT = YES;
			};
			name = Release;
		};
		6FE44D5825909127001B79A0 /* Debug */ = {
			isa = XCBuildConfiguration;
			buildSettings = {
				ASSETCATALOG_COMPILER_APPICON_NAME = AppIcon;
				ASSETCATALOG_COMPILER_GLOBAL_ACCENT_COLOR_NAME = AccentColor;
				CODE_SIGN_STYLE = Automatic;
				DEVELOPMENT_ASSET_PATHS = "\"Projects 10-12/Preview Content\"";
				ENABLE_PREVIEWS = YES;
				INFOPLIST_FILE = "Projects 10-12/Info.plist";
				LD_RUNPATH_SEARCH_PATHS = (
					"$(inherited)",
					"@executable_path/Frameworks",
				);
				PRODUCT_BUNDLE_IDENTIFIER = "com.learning.Projects-10-12";
				PRODUCT_NAME = "$(TARGET_NAME)";
				SWIFT_VERSION = 5.0;
				TARGETED_DEVICE_FAMILY = "1,2";
			};
			name = Debug;
		};
		6FE44D5925909127001B79A0 /* Release */ = {
			isa = XCBuildConfiguration;
			buildSettings = {
				ASSETCATALOG_COMPILER_APPICON_NAME = AppIcon;
				ASSETCATALOG_COMPILER_GLOBAL_ACCENT_COLOR_NAME = AccentColor;
				CODE_SIGN_STYLE = Automatic;
				DEVELOPMENT_ASSET_PATHS = "\"Projects 10-12/Preview Content\"";
				ENABLE_PREVIEWS = YES;
				INFOPLIST_FILE = "Projects 10-12/Info.plist";
				LD_RUNPATH_SEARCH_PATHS = (
					"$(inherited)",
					"@executable_path/Frameworks",
				);
				PRODUCT_BUNDLE_IDENTIFIER = "com.learning.Projects-10-12";
				PRODUCT_NAME = "$(TARGET_NAME)";
				SWIFT_VERSION = 5.0;
				TARGETED_DEVICE_FAMILY = "1,2";
			};
			name = Release;
		};
/* End XCBuildConfiguration section */

/* Begin XCConfigurationList section */
		6FE44D3B25909127001B79A0 /* Build configuration list for PBXProject "Projects 10-12" */ = {
			isa = XCConfigurationList;
			buildConfigurations = (
				6FE44D5525909127001B79A0 /* Debug */,
				6FE44D5625909127001B79A0 /* Release */,
			);
			defaultConfigurationIsVisible = 0;
			defaultConfigurationName = Release;
		};
		6FE44D5725909127001B79A0 /* Build configuration list for PBXNativeTarget "Projects 10-12" */ = {
			isa = XCConfigurationList;
			buildConfigurations = (
				6FE44D5825909127001B79A0 /* Debug */,
				6FE44D5925909127001B79A0 /* Release */,
			);
			defaultConfigurationIsVisible = 0;
			defaultConfigurationName = Release;
		};
/* End XCConfigurationList section */

/* Begin XCVersionGroup section */
		6FE44D4925909127001B79A0 /* Projects_10_12.xcdatamodeld */ = {
			isa = XCVersionGroup;
			children = (
				6FE44D4A25909127001B79A0 /* Projects_10_12.xcdatamodel */,
			);
			currentVersion = 6FE44D4A25909127001B79A0 /* Projects_10_12.xcdatamodel */;
			path = Projects_10_12.xcdatamodeld;
			sourceTree = "<group>";
			versionGroupType = wrapper.xcdatamodel;
		};
/* End XCVersionGroup section */
	};
	rootObject = 6FE44D3825909127001B79A0 /* Project object */;
}
